
Microsoft Visual Studio Solution File, Format Version 12.00
# Visual Studio 15
VisualStudioVersion = 15.0.27703.2047
MinimumVisualStudioVersion = 10.0.40219.1
Project("{FAE04EC0-301F-11D3-BF4B-00C04F79EFBC}") = "PaymentGatewayAPI", "PaymentGatewayAPI\PaymentGatewayAPI.csproj", "{C715B1E6-D892-4D59-B568-7E3466968242}"
EndProject
Global
	GlobalSection(SolutionConfigurationPlatforms) = preSolution
		Debug|Any CPU = Debug|Any CPU
		Release|Any CPU = Release|Any CPU
	EndGlobalSection
	GlobalSection(ProjectConfigurationPlatforms) = postSolution
		{C715B1E6-D892-4D59-B568-7E3466968242}.Debug|Any CPU.ActiveCfg = Debug|Any CPU
		{C715B1E6-D892-4D59-B568-7E3466968242}.Debug|Any CPU.Build.0 = Debug|Any CPU
		{C715B1E6-D892-4D59-B568-7E3466968242}.Release|Any CPU.ActiveCfg = Release|Any CPU
		{C715B1E6-D892-4D59-B568-7E3466968242}.Release|Any CPU.Build.0 = Release|Any CPU
	EndGlobalSection
	GlobalSection(SolutionProperties) = preSolution
		HideSolutionNode = FALSE
	EndGlobalSection
	GlobalSection(ExtensibilityGlobals) = postSolution
		SolutionGuid = {E7C3E65D-135B-4F33-9CE8-0C7231F5360C}
	EndGlobalSection
EndGlobal
